// !$*UTF8*$!
{
	archiveVersion = 1;
	classes = {
	};
	objectVersion = 46;
	objects = {

/* Begin PBXBuildFile section */
		A620CAF91EF5079A00A326BA /* ShowQRViewController.m in Sources */ = {isa = PBXBuildFile; fileRef = A620CAF81EF5079A00A326BA /* ShowQRViewController.m */; };
		A620CB0A1EF5233000A326BA /* CompurterLoginViewController.m in Sources */ = {isa = PBXBuildFile; fileRef = A620CAFF1EF5233000A326BA /* CompurterLoginViewController.m */; };
		A620CB0B1EF5233000A326BA /* QRSource.bundle in Resources */ = {isa = PBXBuildFile; fileRef = A620CB001EF5233000A326BA /* QRSource.bundle */; };
		A620CB0C1EF5233000A326BA /* QRItem.m in Sources */ = {isa = PBXBuildFile; fileRef = A620CB031EF5233000A326BA /* QRItem.m */; };
		A620CB0D1EF5233000A326BA /* QRMenu.m in Sources */ = {isa = PBXBuildFile; fileRef = A620CB051EF5233000A326BA /* QRMenu.m */; };
		A620CB0E1EF5233000A326BA /* QRView.m in Sources */ = {isa = PBXBuildFile; fileRef = A620CB071EF5233000A326BA /* QRView.m */; };
		A620CB0F1EF5233000A326BA /* QRViewController.m in Sources */ = {isa = PBXBuildFile; fileRef = A620CB091EF5233000A326BA /* QRViewController.m */; };
		A620CB121EF5249D00A326BA /* ShowQR_1_ViewController.m in Sources */ = {isa = PBXBuildFile; fileRef = A620CB111EF5249D00A326BA /* ShowQR_1_ViewController.m */; };
		A620CB291EF526A400A326BA /* bitstream.c in Sources */ = {isa = PBXBuildFile; fileRef = A620CB151EF526A400A326BA /* bitstream.c */; };
		A620CB2A1EF526A400A326BA /* mask.c in Sources */ = {isa = PBXBuildFile; fileRef = A620CB171EF526A400A326BA /* mask.c */; };
		A620CB2B1EF526A400A326BA /* qrencode.c in Sources */ = {isa = PBXBuildFile; fileRef = A620CB191EF526A400A326BA /* qrencode.c */; };
		A620CB2C1EF526A400A326BA /* qrinput.c in Sources */ = {isa = PBXBuildFile; fileRef = A620CB1B1EF526A400A326BA /* qrinput.c */; };
		A620CB2D1EF526A400A326BA /* qrspec.c in Sources */ = {isa = PBXBuildFile; fileRef = A620CB1D1EF526A400A326BA /* qrspec.c */; };
		A620CB2E1EF526A400A326BA /* rscode.c in Sources */ = {isa = PBXBuildFile; fileRef = A620CB1F1EF526A400A326BA /* rscode.c */; };
		A620CB2F1EF526A400A326BA /* split.c in Sources */ = {isa = PBXBuildFile; fileRef = A620CB211EF526A400A326BA /* split.c */; };
		A620CB301EF526A400A326BA /* QRCodeGenerator.m in Sources */ = {isa = PBXBuildFile; fileRef = A620CB251EF526A400A326BA /* QRCodeGenerator.m */; };
		A620CB311EF526A400A326BA /* CreateQRManager.m in Sources */ = {isa = PBXBuildFile; fileRef = A620CB281EF526A400A326BA /* CreateQRManager.m */; };
		CD5A2F5E1D77D6ED000239B8 /* main.m in Sources */ = {isa = PBXBuildFile; fileRef = CD5A2F5D1D77D6ED000239B8 /* main.m */; };
		CD5A2F611D77D6ED000239B8 /* AppDelegate.m in Sources */ = {isa = PBXBuildFile; fileRef = CD5A2F601D77D6ED000239B8 /* AppDelegate.m */; };
		CD5A2F641D77D6ED000239B8 /* ViewController.m in Sources */ = {isa = PBXBuildFile; fileRef = CD5A2F631D77D6ED000239B8 /* ViewController.m */; };
		CD5A2F671D77D6ED000239B8 /* Main.storyboard in Resources */ = {isa = PBXBuildFile; fileRef = CD5A2F651D77D6ED000239B8 /* Main.storyboard */; };
		CD5A2F691D77D6ED000239B8 /* Assets.xcassets in Resources */ = {isa = PBXBuildFile; fileRef = CD5A2F681D77D6ED000239B8 /* Assets.xcassets */; };
		CD5A2F6C1D77D6ED000239B8 /* LaunchScreen.storyboard in Resources */ = {isa = PBXBuildFile; fileRef = CD5A2F6A1D77D6ED000239B8 /* LaunchScreen.storyboard */; };
		CD5A2F771D77D6ED000239B8 /* QRCodeTestTests.m in Sources */ = {isa = PBXBuildFile; fileRef = CD5A2F761D77D6ED000239B8 /* QRCodeTestTests.m */; };
		CD5A2F821D77D6ED000239B8 /* QRCodeTestUITests.m in Sources */ = {isa = PBXBuildFile; fileRef = CD5A2F811D77D6ED000239B8 /* QRCodeTestUITests.m */; };
/* End PBXBuildFile section */

/* Begin PBXContainerItemProxy section */
		CD5A2F731D77D6ED000239B8 /* PBXContainerItemProxy */ = {
			isa = PBXContainerItemProxy;
			containerPortal = CD5A2F511D77D6EC000239B8 /* Project object */;
			proxyType = 1;
			remoteGlobalIDString = CD5A2F581D77D6EC000239B8;
			remoteInfo = QRCodeTest;
		};
		CD5A2F7E1D77D6ED000239B8 /* PBXContainerItemProxy */ = {
			isa = PBXContainerItemProxy;
			containerPortal = CD5A2F511D77D6EC000239B8 /* Project object */;
			proxyType = 1;
			remoteGlobalIDString = CD5A2F581D77D6EC000239B8;
			remoteInfo = QRCodeTest;
		};
/* End PBXContainerItemProxy section */

/* Begin PBXFileReference section */
		A620CAF61EF4FB4000A326BA /* PrefixHeader.pch */ = {isa = PBXFileReference; lastKnownFileType = sourcecode.c.h; path = PrefixHeader.pch; sourceTree = "<group>"; };
		A620CAF71EF5079A00A326BA /* ShowQRViewController.h */ = {isa = PBXFileReference; fileEncoding = 4; lastKnownFileType = sourcecode.c.h; path = ShowQRViewController.h; sourceTree = "<group>"; };
		A620CAF81EF5079A00A326BA /* ShowQRViewController.m */ = {isa = PBXFileReference; fileEncoding = 4; lastKnownFileType = sourcecode.c.objc; path = ShowQRViewController.m; sourceTree = "<group>"; };
		A620CAFE1EF5233000A326BA /* CompurterLoginViewController.h */ = {isa = PBXFileReference; fileEncoding = 4; lastKnownFileType = sourcecode.c.h; path = CompurterLoginViewController.h; sourceTree = "<group>"; };
		A620CAFF1EF5233000A326BA /* CompurterLoginViewController.m */ = {isa = PBXFileReference; fileEncoding = 4; lastKnownFileType = sourcecode.c.objc; path = CompurterLoginViewController.m; sourceTree = "<group>"; };
		A620CB001EF5233000A326BA /* QRSource.bundle */ = {isa = PBXFileReference; lastKnownFileType = "wrapper.plug-in"; path = QRSource.bundle; sourceTree = "<group>"; };
		A620CB021EF5233000A326BA /* QRItem.h */ = {isa = PBXFileReference; fileEncoding = 4; lastKnownFileType = sourcecode.c.h; path = QRItem.h; sourceTree = "<group>"; };
		A620CB031EF5233000A326BA /* QRItem.m */ = {isa = PBXFileReference; fileEncoding = 4; lastKnownFileType = sourcecode.c.objc; path = QRItem.m; sourceTree = "<group>"; };
		A620CB041EF5233000A326BA /* QRMenu.h */ = {isa = PBXFileReference; fileEncoding = 4; lastKnownFileType = sourcecode.c.h; path = QRMenu.h; sourceTree = "<group>"; };
		A620CB051EF5233000A326BA /* QRMenu.m */ = {isa = PBXFileReference; fileEncoding = 4; lastKnownFileType = sourcecode.c.objc; path = QRMenu.m; sourceTree = "<group>"; };
		A620CB061EF5233000A326BA /* QRView.h */ = {isa = PBXFileReference; fileEncoding = 4; lastKnownFileType = sourcecode.c.h; path = QRView.h; sourceTree = "<group>"; };
		A620CB071EF5233000A326BA /* QRView.m */ = {isa = PBXFileReference; fileEncoding = 4; lastKnownFileType = sourcecode.c.objc; path = QRView.m; sourceTree = "<group>"; };
		A620CB081EF5233000A326BA /* QRViewController.h */ = {isa = PBXFileReference; fileEncoding = 4; lastKnownFileType = sourcecode.c.h; path = QRViewController.h; sourceTree = "<group>"; };
		A620CB091EF5233000A326BA /* QRViewController.m */ = {isa = PBXFileReference; fileEncoding = 4; lastKnownFileType = sourcecode.c.objc; path = QRViewController.m; sourceTree = "<group>"; };
		A620CB101EF5249D00A326BA /* ShowQR_1_ViewController.h */ = {isa = PBXFileReference; fileEncoding = 4; lastKnownFileType = sourcecode.c.h; path = ShowQR_1_ViewController.h; sourceTree = "<group>"; };
		A620CB111EF5249D00A326BA /* ShowQR_1_ViewController.m */ = {isa = PBXFileReference; fileEncoding = 4; lastKnownFileType = sourcecode.c.objc; path = ShowQR_1_ViewController.m; sourceTree = "<group>"; };
		A620CB151EF526A400A326BA /* bitstream.c */ = {isa = PBXFileReference; fileEncoding = 4; lastKnownFileType = sourcecode.c.c; path = bitstream.c; sourceTree = "<group>"; };
		A620CB161EF526A400A326BA /* bitstream.h */ = {isa = PBXFileReference; fileEncoding = 4; lastKnownFileType = sourcecode.c.h; path = bitstream.h; sourceTree = "<group>"; };
		A620CB171EF526A400A326BA /* mask.c */ = {isa = PBXFileReference; fileEncoding = 4; lastKnownFileType = sourcecode.c.c; path = mask.c; sourceTree = "<group>"; };
		A620CB181EF526A400A326BA /* mask.h */ = {isa = PBXFileReference; fileEncoding = 4; lastKnownFileType = sourcecode.c.h; path = mask.h; sourceTree = "<group>"; };
		A620CB191EF526A400A326BA /* qrencode.c */ = {isa = PBXFileReference; fileEncoding = 4; lastKnownFileType = sourcecode.c.c; path = qrencode.c; sourceTree = "<group>"; };
		A620CB1A1EF526A400A326BA /* qrencode.h */ = {isa = PBXFileReference; fileEncoding = 4; lastKnownFileType = sourcecode.c.h; path = qrencode.h; sourceTree = "<group>"; };
		A620CB1B1EF526A400A326BA /* qrinput.c */ = {isa = PBXFileReference; fileEncoding = 4; lastKnownFileType = sourcecode.c.c; path = qrinput.c; sourceTree = "<group>"; };
		A620CB1C1EF526A400A326BA /* qrinput.h */ = {isa = PBXFileReference; fileEncoding = 4; lastKnownFileType = sourcecode.c.h; path = qrinput.h; sourceTree = "<group>"; };
		A620CB1D1EF526A400A326BA /* qrspec.c */ = {isa = PBXFileReference; fileEncoding = 4; lastKnownFileType = sourcecode.c.c; path = qrspec.c; sourceTree = "<group>"; };
		A620CB1E1EF526A400A326BA /* qrspec.h */ = {isa = PBXFileReference; fileEncoding = 4; lastKnownFileType = sourcecode.c.h; path = qrspec.h; sourceTree = "<group>"; };
		A620CB1F1EF526A400A326BA /* rscode.c */ = {isa = PBXFileReference; fileEncoding = 4; lastKnownFileType = sourcecode.c.c; path = rscode.c; sourceTree = "<group>"; };
		A620CB201EF526A400A326BA /* rscode.h */ = {isa = PBXFileReference; fileEncoding = 4; lastKnownFileType = sourcecode.c.h; path = rscode.h; sourceTree = "<group>"; };
		A620CB211EF526A400A326BA /* split.c */ = {isa = PBXFileReference; fileEncoding = 4; lastKnownFileType = sourcecode.c.c; path = split.c; sourceTree = "<group>"; };
		A620CB221EF526A400A326BA /* split.h */ = {isa = PBXFileReference; fileEncoding = 4; lastKnownFileType = sourcecode.c.h; path = split.h; sourceTree = "<group>"; };
		A620CB241EF526A400A326BA /* QRCodeGenerator.h */ = {isa = PBXFileReference; fileEncoding = 4; lastKnownFileType = sourcecode.c.h; path = QRCodeGenerator.h; sourceTree = "<group>"; };
		A620CB251EF526A400A326BA /* QRCodeGenerator.m */ = {isa = PBXFileReference; fileEncoding = 4; lastKnownFileType = sourcecode.c.objc; path = QRCodeGenerator.m; sourceTree = "<group>"; };
		A620CB271EF526A400A326BA /* CreateQRManager.h */ = {isa = PBXFileReference; fileEncoding = 4; lastKnownFileType = sourcecode.c.h; path = CreateQRManager.h; sourceTree = "<group>"; };
		A620CB281EF526A400A326BA /* CreateQRManager.m */ = {isa = PBXFileReference; fileEncoding = 4; lastKnownFileType = sourcecode.c.objc; path = CreateQRManager.m; sourceTree = "<group>"; };
		CD5A2F591D77D6EC000239B8 /* QRCodeTest.app */ = {isa = PBXFileReference; explicitFileType = wrapper.application; includeInIndex = 0; path = QRCodeTest.app; sourceTree = BUILT_PRODUCTS_DIR; };
		CD5A2F5D1D77D6ED000239B8 /* main.m */ = {isa = PBXFileReference; lastKnownFileType = sourcecode.c.objc; path = main.m; sourceTree = "<group>"; };
		CD5A2F5F1D77D6ED000239B8 /* AppDelegate.h */ = {isa = PBXFileReference; lastKnownFileType = sourcecode.c.h; path = AppDelegate.h; sourceTree = "<group>"; };
		CD5A2F601D77D6ED000239B8 /* AppDelegate.m */ = {isa = PBXFileReference; lastKnownFileType = sourcecode.c.objc; path = AppDelegate.m; sourceTree = "<group>"; };
		CD5A2F621D77D6ED000239B8 /* ViewController.h */ = {isa = PBXFileReference; lastKnownFileType = sourcecode.c.h; path = ViewController.h; sourceTree = "<group>"; };
		CD5A2F631D77D6ED000239B8 /* ViewController.m */ = {isa = PBXFileReference; lastKnownFileType = sourcecode.c.objc; path = ViewController.m; sourceTree = "<group>"; };
		CD5A2F661D77D6ED000239B8 /* Base */ = {isa = PBXFileReference; lastKnownFileType = file.storyboard; name = Base; path = Base.lproj/Main.storyboard; sourceTree = "<group>"; };
		CD5A2F681D77D6ED000239B8 /* Assets.xcassets */ = {isa = PBXFileReference; lastKnownFileType = folder.assetcatalog; path = Assets.xcassets; sourceTree = "<group>"; };
		CD5A2F6B1D77D6ED000239B8 /* Base */ = {isa = PBXFileReference; lastKnownFileType = file.storyboard; name = Base; path = Base.lproj/LaunchScreen.storyboard; sourceTree = "<group>"; };
		CD5A2F6D1D77D6ED000239B8 /* Info.plist */ = {isa = PBXFileReference; lastKnownFileType = text.plist.xml; path = Info.plist; sourceTree = "<group>"; };
		CD5A2F721D77D6ED000239B8 /* QRCodeTestTests.xctest */ = {isa = PBXFileReference; explicitFileType = wrapper.cfbundle; includeInIndex = 0; path = QRCodeTestTests.xctest; sourceTree = BUILT_PRODUCTS_DIR; };
		CD5A2F761D77D6ED000239B8 /* QRCodeTestTests.m */ = {isa = PBXFileReference; lastKnownFileType = sourcecode.c.objc; path = QRCodeTestTests.m; sourceTree = "<group>"; };
		CD5A2F781D77D6ED000239B8 /* Info.plist */ = {isa = PBXFileReference; lastKnownFileType = text.plist.xml; path = Info.plist; sourceTree = "<group>"; };
		CD5A2F7D1D77D6ED000239B8 /* QRCodeTestUITests.xctest */ = {isa = PBXFileReference; explicitFileType = wrapper.cfbundle; includeInIndex = 0; path = QRCodeTestUITests.xctest; sourceTree = BUILT_PRODUCTS_DIR; };
		CD5A2F811D77D6ED000239B8 /* QRCodeTestUITests.m */ = {isa = PBXFileReference; lastKnownFileType = sourcecode.c.objc; path = QRCodeTestUITests.m; sourceTree = "<group>"; };
		CD5A2F831D77D6ED000239B8 /* Info.plist */ = {isa = PBXFileReference; lastKnownFileType = text.plist.xml; path = Info.plist; sourceTree = "<group>"; };
/* End PBXFileReference section */

/* Begin PBXFrameworksBuildPhase section */
		CD5A2F561D77D6EC000239B8 /* Frameworks */ = {
			isa = PBXFrameworksBuildPhase;
			buildActionMask = 2147483647;
			files = (
			);
			runOnlyForDeploymentPostprocessing = 0;
		};
		CD5A2F6F1D77D6ED000239B8 /* Frameworks */ = {
			isa = PBXFrameworksBuildPhase;
			buildActionMask = 2147483647;
			files = (
			);
			runOnlyForDeploymentPostprocessing = 0;
		};
		CD5A2F7A1D77D6ED000239B8 /* Frameworks */ = {
			isa = PBXFrameworksBuildPhase;
			buildActionMask = 2147483647;
			files = (
			);
			runOnlyForDeploymentPostprocessing = 0;
		};
/* End PBXFrameworksBuildPhase section */

/* Begin PBXGroup section */
		A620CAFD1EF5233000A326BA /* QRCamera */ = {
			isa = PBXGroup;
			children = (
				A620CB001EF5233000A326BA /* QRSource.bundle */,
				A620CB011EF5233000A326BA /* QRView */,
				A620CAFE1EF5233000A326BA /* CompurterLoginViewController.h */,
				A620CAFF1EF5233000A326BA /* CompurterLoginViewController.m */,
				A620CB081EF5233000A326BA /* QRViewController.h */,
				A620CB091EF5233000A326BA /* QRViewController.m */,
			);
			path = QRCamera;
			sourceTree = "<group>";
		};
		A620CB011EF5233000A326BA /* QRView */ = {
			isa = PBXGroup;
			children = (
				A620CB021EF5233000A326BA /* QRItem.h */,
				A620CB031EF5233000A326BA /* QRItem.m */,
				A620CB041EF5233000A326BA /* QRMenu.h */,
				A620CB051EF5233000A326BA /* QRMenu.m */,
				A620CB061EF5233000A326BA /* QRView.h */,
				A620CB071EF5233000A326BA /* QRView.m */,
			);
			path = QRView;
			sourceTree = "<group>";
		};
		A620CB131EF526A400A326BA /* create_method_1 */ = {
			isa = PBXGroup;
			children = (
				A620CB141EF526A400A326BA /* libqrencode */,
				A620CB231EF526A400A326BA /* QRGender */,
			);
			path = create_method_1;
			sourceTree = "<group>";
		};
		A620CB141EF526A400A326BA /* libqrencode */ = {
			isa = PBXGroup;
			children = (
				A620CB151EF526A400A326BA /* bitstream.c */,
				A620CB161EF526A400A326BA /* bitstream.h */,
				A620CB171EF526A400A326BA /* mask.c */,
				A620CB181EF526A400A326BA /* mask.h */,
				A620CB191EF526A400A326BA /* qrencode.c */,
				A620CB1A1EF526A400A326BA /* qrencode.h */,
				A620CB1B1EF526A400A326BA /* qrinput.c */,
				A620CB1C1EF526A400A326BA /* qrinput.h */,
				A620CB1D1EF526A400A326BA /* qrspec.c */,
				A620CB1E1EF526A400A326BA /* qrspec.h */,
				A620CB1F1EF526A400A326BA /* rscode.c */,
				A620CB201EF526A400A326BA /* rscode.h */,
				A620CB211EF526A400A326BA /* split.c */,
				A620CB221EF526A400A326BA /* split.h */,
			);
			path = libqrencode;
			sourceTree = "<group>";
		};
		A620CB231EF526A400A326BA /* QRGender */ = {
			isa = PBXGroup;
			children = (
				A620CB241EF526A400A326BA /* QRCodeGenerator.h */,
				A620CB251EF526A400A326BA /* QRCodeGenerator.m */,
			);
			path = QRGender;
			sourceTree = "<group>";
		};
		A620CB261EF526A400A326BA /* create_method_2 */ = {
			isa = PBXGroup;
			children = (
				A620CB271EF526A400A326BA /* CreateQRManager.h */,
				A620CB281EF526A400A326BA /* CreateQRManager.m */,
			);
			path = create_method_2;
			sourceTree = "<group>";
		};
		A65B6DF51EC1CFD80045E0FD /* Scane扫描二维码 */ = {
			isa = PBXGroup;
			children = (
				A620CAFD1EF5233000A326BA /* QRCamera */,
			);
			path = "Scane扫描二维码";
			sourceTree = "<group>";
		};
		CD5A2F501D77D6EC000239B8 = {
			isa = PBXGroup;
			children = (
				CD5A2F5B1D77D6ED000239B8 /* QRCodeTest */,
				CD5A2F751D77D6ED000239B8 /* QRCodeTestTests */,
				CD5A2F801D77D6ED000239B8 /* QRCodeTestUITests */,
				CD5A2F5A1D77D6EC000239B8 /* Products */,
			);
			sourceTree = "<group>";
		};
		CD5A2F5A1D77D6EC000239B8 /* Products */ = {
			isa = PBXGroup;
			children = (
				CD5A2F591D77D6EC000239B8 /* QRCodeTest.app */,
				CD5A2F721D77D6ED000239B8 /* QRCodeTestTests.xctest */,
				CD5A2F7D1D77D6ED000239B8 /* QRCodeTestUITests.xctest */,
			);
			name = Products;
			sourceTree = "<group>";
		};
		CD5A2F5B1D77D6ED000239B8 /* QRCodeTest */ = {
			isa = PBXGroup;
			children = (
				A65B6DF51EC1CFD80045E0FD /* Scane扫描二维码 */,
				CD5A2F911D7818D0000239B8 /* 生成二维码 */,
				CD5A2F5F1D77D6ED000239B8 /* AppDelegate.h */,
				CD5A2F601D77D6ED000239B8 /* AppDelegate.m */,
				CD5A2F621D77D6ED000239B8 /* ViewController.h */,
				CD5A2F631D77D6ED000239B8 /* ViewController.m */,
				CD5A2F651D77D6ED000239B8 /* Main.storyboard */,
				CD5A2F681D77D6ED000239B8 /* Assets.xcassets */,
				CD5A2F6A1D77D6ED000239B8 /* LaunchScreen.storyboard */,
				CD5A2F6D1D77D6ED000239B8 /* Info.plist */,
				CD5A2F5C1D77D6ED000239B8 /* Supporting Files */,
			);
			path = QRCodeTest;
			sourceTree = "<group>";
		};
		CD5A2F5C1D77D6ED000239B8 /* Supporting Files */ = {
			isa = PBXGroup;
			children = (
				CD5A2F5D1D77D6ED000239B8 /* main.m */,
				A620CAF61EF4FB4000A326BA /* PrefixHeader.pch */,
			);
			name = "Supporting Files";
			sourceTree = "<group>";
		};
		CD5A2F751D77D6ED000239B8 /* QRCodeTestTests */ = {
			isa = PBXGroup;
			children = (
				CD5A2F761D77D6ED000239B8 /* QRCodeTestTests.m */,
				CD5A2F781D77D6ED000239B8 /* Info.plist */,
			);
			path = QRCodeTestTests;
			sourceTree = "<group>";
		};
		CD5A2F801D77D6ED000239B8 /* QRCodeTestUITests */ = {
			isa = PBXGroup;
			children = (
				CD5A2F811D77D6ED000239B8 /* QRCodeTestUITests.m */,
				CD5A2F831D77D6ED000239B8 /* Info.plist */,
			);
			path = QRCodeTestUITests;
			sourceTree = "<group>";
		};
		CD5A2F911D7818D0000239B8 /* 生成二维码 */ = {
			isa = PBXGroup;
			children = (
				A620CB131EF526A400A326BA /* create_method_1 */,
				A620CB261EF526A400A326BA /* create_method_2 */,
				A620CAF71EF5079A00A326BA /* ShowQRViewController.h */,
				A620CAF81EF5079A00A326BA /* ShowQRViewController.m */,
				A620CB101EF5249D00A326BA /* ShowQR_1_ViewController.h */,
				A620CB111EF5249D00A326BA /* ShowQR_1_ViewController.m */,
			);
			path = "生成二维码";
			sourceTree = "<group>";
		};
/* End PBXGroup section */

/* Begin PBXNativeTarget section */
		CD5A2F581D77D6EC000239B8 /* QRCodeTest */ = {
			isa = PBXNativeTarget;
			buildConfigurationList = CD5A2F861D77D6ED000239B8 /* Build configuration list for PBXNativeTarget "QRCodeTest" */;
			buildPhases = (
				CD5A2F551D77D6EC000239B8 /* Sources */,
				CD5A2F561D77D6EC000239B8 /* Frameworks */,
				CD5A2F571D77D6EC000239B8 /* Resources */,
			);
			buildRules = (
			);
			dependencies = (
			);
			name = QRCodeTest;
			productName = QRCodeTest;
			productReference = CD5A2F591D77D6EC000239B8 /* QRCodeTest.app */;
			productType = "com.apple.product-type.application";
		};
		CD5A2F711D77D6ED000239B8 /* QRCodeTestTests */ = {
			isa = PBXNativeTarget;
			buildConfigurationList = CD5A2F891D77D6ED000239B8 /* Build configuration list for PBXNativeTarget "QRCodeTestTests" */;
			buildPhases = (
				CD5A2F6E1D77D6ED000239B8 /* Sources */,
				CD5A2F6F1D77D6ED000239B8 /* Frameworks */,
				CD5A2F701D77D6ED000239B8 /* Resources */,
			);
			buildRules = (
			);
			dependencies = (
				CD5A2F741D77D6ED000239B8 /* PBXTargetDependency */,
			);
			name = QRCodeTestTests;
			productName = QRCodeTestTests;
			productReference = CD5A2F721D77D6ED000239B8 /* QRCodeTestTests.xctest */;
			productType = "com.apple.product-type.bundle.unit-test";
		};
		CD5A2F7C1D77D6ED000239B8 /* QRCodeTestUITests */ = {
			isa = PBXNativeTarget;
			buildConfigurationList = CD5A2F8C1D77D6ED000239B8 /* Build configuration list for PBXNativeTarget "QRCodeTestUITests" */;
			buildPhases = (
				CD5A2F791D77D6ED000239B8 /* Sources */,
				CD5A2F7A1D77D6ED000239B8 /* Frameworks */,
				CD5A2F7B1D77D6ED000239B8 /* Resources */,
			);
			buildRules = (
			);
			dependencies = (
				CD5A2F7F1D77D6ED000239B8 /* PBXTargetDependency */,
			);
			name = QRCodeTestUITests;
			productName = QRCodeTestUITests;
			productReference = CD5A2F7D1D77D6ED000239B8 /* QRCodeTestUITests.xctest */;
			productType = "com.apple.product-type.bundle.ui-testing";
		};
/* End PBXNativeTarget section */

/* Begin PBXProject section */
		CD5A2F511D77D6EC000239B8 /* Project object */ = {
			isa = PBXProject;
			attributes = {
				LastUpgradeCheck = 0730;
				ORGANIZATIONNAME = Winnie;
				TargetAttributes = {
					CD5A2F581D77D6EC000239B8 = {
						CreatedOnToolsVersion = 7.3.1;
						DevelopmentTeam = QP56Y9M7W6;
					};
					CD5A2F711D77D6ED000239B8 = {
						CreatedOnToolsVersion = 7.3.1;
						TestTargetID = CD5A2F581D77D6EC000239B8;
					};
					CD5A2F7C1D77D6ED000239B8 = {
						CreatedOnToolsVersion = 7.3.1;
						TestTargetID = CD5A2F581D77D6EC000239B8;
					};
				};
			};
			buildConfigurationList = CD5A2F541D77D6EC000239B8 /* Build configuration list for PBXProject "QRCodeTest" */;
			compatibilityVersion = "Xcode 3.2";
			developmentRegion = English;
			hasScannedForEncodings = 0;
			knownRegions = (
				en,
				Base,
			);
			mainGroup = CD5A2F501D77D6EC000239B8;
			productRefGroup = CD5A2F5A1D77D6EC000239B8 /* Products */;
			projectDirPath = "";
			projectRoot = "";
			targets = (
				CD5A2F581D77D6EC000239B8 /* QRCodeTest */,
				CD5A2F711D77D6ED000239B8 /* QRCodeTestTests */,
				CD5A2F7C1D77D6ED000239B8 /* QRCodeTestUITests */,
			);
		};
/* End PBXProject section */

/* Begin PBXResourcesBuildPhase section */
		CD5A2F571D77D6EC000239B8 /* Resources */ = {
			isa = PBXResourcesBuildPhase;
			buildActionMask = 2147483647;
			files = (
				CD5A2F6C1D77D6ED000239B8 /* LaunchScreen.storyboard in Resources */,
				CD5A2F691D77D6ED000239B8 /* Assets.xcassets in Resources */,
				CD5A2F671D77D6ED000239B8 /* Main.storyboard in Resources */,
				A620CB0B1EF5233000A326BA /* QRSource.bundle in Resources */,
			);
			runOnlyForDeploymentPostprocessing = 0;
		};
		CD5A2F701D77D6ED000239B8 /* Resources */ = {
			isa = PBXResourcesBuildPhase;
			buildActionMask = 2147483647;
			files = (
			);
			runOnlyForDeploymentPostprocessing = 0;
		};
		CD5A2F7B1D77D6ED000239B8 /* Resources */ = {
			isa = PBXResourcesBuildPhase;
			buildActionMask = 2147483647;
			files = (
			);
			runOnlyForDeploymentPostprocessing = 0;
		};
/* End PBXResourcesBuildPhase section */

/* Begin PBXSourcesBuildPhase section */
		CD5A2F551D77D6EC000239B8 /* Sources */ = {
			isa = PBXSourcesBuildPhase;
			buildActionMask = 2147483647;
			files = (
				CD5A2F641D77D6ED000239B8 /* ViewController.m in Sources */,
				A620CB2C1EF526A400A326BA /* qrinput.c in Sources */,
				A620CB121EF5249D00A326BA /* ShowQR_1_ViewController.m in Sources */,
				A620CAF91EF5079A00A326BA /* ShowQRViewController.m in Sources */,
				A620CB2A1EF526A400A326BA /* mask.c in Sources */,
				A620CB301EF526A400A326BA /* QRCodeGenerator.m in Sources */,
				A620CB2B1EF526A400A326BA /* qrencode.c in Sources */,
				A620CB0A1EF5233000A326BA /* CompurterLoginViewController.m in Sources */,
				A620CB291EF526A400A326BA /* bitstream.c in Sources */,
				A620CB0C1EF5233000A326BA /* QRItem.m in Sources */,
				A620CB311EF526A400A326BA /* CreateQRManager.m in Sources */,
				A620CB2E1EF526A400A326BA /* rscode.c in Sources */,
				A620CB0E1EF5233000A326BA /* QRView.m in Sources */,
				A620CB2F1EF526A400A326BA /* split.c in Sources */,
				A620CB0D1EF5233000A326BA /* QRMenu.m in Sources */,
				CD5A2F611D77D6ED000239B8 /* AppDelegate.m in Sources */,
				A620CB0F1EF5233000A326BA /* QRViewController.m in Sources */,
				A620CB2D1EF526A400A326BA /* qrspec.c in Sources */,
				CD5A2F5E1D77D6ED000239B8 /* main.m in Sources */,
			);
			runOnlyForDeploymentPostprocessing = 0;
		};
		CD5A2F6E1D77D6ED000239B8 /* Sources */ = {
			isa = PBXSourcesBuildPhase;
			buildActionMask = 2147483647;
			files = (
				CD5A2F771D77D6ED000239B8 /* QRCodeTestTests.m in Sources */,
			);
			runOnlyForDeploymentPostprocessing = 0;
		};
		CD5A2F791D77D6ED000239B8 /* Sources */ = {
			isa = PBXSourcesBuildPhase;
			buildActionMask = 2147483647;
			files = (
				CD5A2F821D77D6ED000239B8 /* QRCodeTestUITests.m in Sources */,
			);
			runOnlyForDeploymentPostprocessing = 0;
		};
/* End PBXSourcesBuildPhase section */

/* Begin PBXTargetDependency section */
		CD5A2F741D77D6ED000239B8 /* PBXTargetDependency */ = {
			isa = PBXTargetDependency;
			target = CD5A2F581D77D6EC000239B8 /* QRCodeTest */;
			targetProxy = CD5A2F731D77D6ED000239B8 /* PBXContainerItemProxy */;
		};
		CD5A2F7F1D77D6ED000239B8 /* PBXTargetDependency */ = {
			isa = PBXTargetDependency;
			target = CD5A2F581D77D6EC000239B8 /* QRCodeTest */;
			targetProxy = CD5A2F7E1D77D6ED000239B8 /* PBXContainerItemProxy */;
		};
/* End PBXTargetDependency section */

/* Begin PBXVariantGroup section */
		CD5A2F651D77D6ED000239B8 /* Main.storyboard */ = {
			isa = PBXVariantGroup;
			children = (
				CD5A2F661D77D6ED000239B8 /* Base */,
			);
			name = Main.storyboard;
			sourceTree = "<group>";
		};
		CD5A2F6A1D77D6ED000239B8 /* LaunchScreen.storyboard */ = {
			isa = PBXVariantGroup;
			children = (
				CD5A2F6B1D77D6ED000239B8 /* Base */,
			);
			name = LaunchScreen.storyboard;
			sourceTree = "<group>";
		};
/* End PBXVariantGroup section */

/* Begin XCBuildConfiguration section */
		CD5A2F841D77D6ED000239B8 /* Debug */ = {
			isa = XCBuildConfiguration;
			buildSettings = {
				ALWAYS_SEARCH_USER_PATHS = NO;
				CLANG_ANALYZER_NONNULL = YES;
				CLANG_CXX_LANGUAGE_STANDARD = "gnu++0x";
				CLANG_CXX_LIBRARY = "libc++";
				CLANG_ENABLE_MODULES = YES;
				CLANG_ENABLE_OBJC_ARC = YES;
				CLANG_WARN_BOOL_CONVERSION = YES;
				CLANG_WARN_CONSTANT_CONVERSION = YES;
				CLANG_WARN_DIRECT_OBJC_ISA_USAGE = YES_ERROR;
				CLANG_WARN_EMPTY_BODY = YES;
				CLANG_WARN_ENUM_CONVERSION = YES;
				CLANG_WARN_INT_CONVERSION = YES;
				CLANG_WARN_OBJC_ROOT_CLASS = YES_ERROR;
				CLANG_WARN_UNREACHABLE_CODE = YES;
				CLANG_WARN__DUPLICATE_METHOD_MATCH = YES;
				"CODE_SIGN_IDENTITY[sdk=iphoneos*]" = "iPhone Developer";
				COPY_PHASE_STRIP = NO;
				DEBUG_INFORMATION_FORMAT = dwarf;
				ENABLE_STRICT_OBJC_MSGSEND = YES;
				ENABLE_TESTABILITY = YES;
				GCC_C_LANGUAGE_STANDARD = gnu99;
				GCC_DYNAMIC_NO_PIC = NO;
				GCC_NO_COMMON_BLOCKS = YES;
				GCC_OPTIMIZATION_LEVEL = 0;
				GCC_PREPROCESSOR_DEFINITIONS = (
					"DEBUG=1",
					"$(inherited)",
				);
				GCC_WARN_64_TO_32_BIT_CONVERSION = YES;
				GCC_WARN_ABOUT_RETURN_TYPE = YES_ERROR;
				GCC_WARN_UNDECLARED_SELECTOR = YES;
				GCC_WARN_UNINITIALIZED_AUTOS = YES_AGGRESSIVE;
				GCC_WARN_UNUSED_FUNCTION = YES;
				GCC_WARN_UNUSED_VARIABLE = YES;
				IPHONEOS_DEPLOYMENT_TARGET = 9.3;
				MTL_ENABLE_DEBUG_INFO = YES;
				ONLY_ACTIVE_ARCH = YES;
				SDKROOT = iphoneos;
				TARGETED_DEVICE_FAMILY = "1,2";
			};
			name = Debug;
		};
		CD5A2F851D77D6ED000239B8 /* Release */ = {
			isa = XCBuildConfiguration;
			buildSettings = {
				ALWAYS_SEARCH_USER_PATHS = NO;
				CLANG_ANALYZER_NONNULL = YES;
				CLANG_CXX_LANGUAGE_STANDARD = "gnu++0x";
				CLANG_CXX_LIBRARY = "libc++";
				CLANG_ENABLE_MODULES = YES;
				CLANG_ENABLE_OBJC_ARC = YES;
				CLANG_WARN_BOOL_CONVERSION = YES;
				CLANG_WARN_CONSTANT_CONVERSION = YES;
				CLANG_WARN_DIRECT_OBJC_ISA_USAGE = YES_ERROR;
				CLANG_WARN_EMPTY_BODY = YES;
				CLANG_WARN_ENUM_CONVERSION = YES;
				CLANG_WARN_INT_CONVERSION = YES;
				CLANG_WARN_OBJC_ROOT_CLASS = YES_ERROR;
				CLANG_WARN_UNREACHABLE_CODE = YES;
				CLANG_WARN__DUPLICATE_METHOD_MATCH = YES;
				"CODE_SIGN_IDENTITY[sdk=iphoneos*]" = "iPhone Developer";
				COPY_PHASE_STRIP = NO;
				DEBUG_INFORMATION_FORMAT = "dwarf-with-dsym";
				ENABLE_NS_ASSERTIONS = NO;
				ENABLE_STRICT_OBJC_MSGSEND = YES;
				GCC_C_LANGUAGE_STANDARD = gnu99;
				GCC_NO_COMMON_BLOCKS = YES;
				GCC_WARN_64_TO_32_BIT_CONVERSION = YES;
				GCC_WARN_ABOUT_RETURN_TYPE = YES_ERROR;
				GCC_WARN_UNDECLARED_SELECTOR = YES;
				GCC_WARN_UNINITIALIZED_AUTOS = YES_AGGRESSIVE;
				GCC_WARN_UNUSED_FUNCTION = YES;
				GCC_WARN_UNUSED_VARIABLE = YES;
				IPHONEOS_DEPLOYMENT_TARGET = 9.3;
				MTL_ENABLE_DEBUG_INFO = NO;
				SDKROOT = iphoneos;
				TARGETED_DEVICE_FAMILY = "1,2";
				VALIDATE_PRODUCT = YES;
			};
			name = Release;
		};
		CD5A2F871D77D6ED000239B8 /* Debug */ = {
			isa = XCBuildConfiguration;
			buildSettings = {
				ASSETCATALOG_COMPILER_APPICON_NAME = AppIcon;
				CODE_SIGN_IDENTITY = "iPhone Developer";
				"CODE_SIGN_IDENTITY[sdk=iphoneos*]" = "iPhone Developer";
				DEVELOPMENT_TEAM = QP56Y9M7W6;
				INFOPLIST_FILE = QRCodeTest/Info.plist;
				IPHONEOS_DEPLOYMENT_TARGET = 8.0;
				LD_RUNPATH_SEARCH_PATHS = "$(inherited) @executable_path/Frameworks";
				PRODUCT_BUNDLE_IDENTIFIER = com.zhz.winnie.QRCodeTest;
				PRODUCT_NAME = "$(TARGET_NAME)";
				PROVISIONING_PROFILE = "";
			};
			name = Debug;
		};
		CD5A2F881D77D6ED000239B8 /* Release */ = {
			isa = XCBuildConfiguration;
			buildSettings = {
				ASSETCATALOG_COMPILER_APPICON_NAME = AppIcon;
				CODE_SIGN_IDENTITY = "iPhone Developer";
				"CODE_SIGN_IDENTITY[sdk=iphoneos*]" = "iPhone Developer";
				DEVELOPMENT_TEAM = QP56Y9M7W6;
				INFOPLIST_FILE = QRCodeTest/Info.plist;
				IPHONEOS_DEPLOYMENT_TARGET = 8.0;
				LD_RUNPATH_SEARCH_PATHS = "$(inherited) @executable_path/Frameworks";
				PRODUCT_BUNDLE_IDENTIFIER = com.zhz.winnie.QRCodeTest;
				PRODUCT_NAME = "$(TARGET_NAME)";
				PROVISIONING_PROFILE = "";
			};
			name = Release;
		};
		CD5A2F8A1D77D6ED000239B8 /* Debug */ = {
			isa = XCBuildConfiguration;
			buildSettings = {
				BUNDLE_LOADER = "$(TEST_HOST)";
				INFOPLIST_FILE = QRCodeTestTests/Info.plist;
				LD_RUNPATH_SEARCH_PATHS = "$(inherited) @executable_path/Frameworks @loader_path/Frameworks";
				PRODUCT_BUNDLE_IDENTIFIER = com.zhz.winnie.QRCodeTestTests;
				PRODUCT_NAME = "$(TARGET_NAME)";
				TEST_HOST = "$(BUILT_PRODUCTS_DIR)/QRCodeTest.app/QRCodeTest";
			};
			name = Debug;
		};
		CD5A2F8B1D77D6ED000239B8 /* Release */ = {
			isa = XCBuildConfiguration;
			buildSettings = {
				BUNDLE_LOADER = "$(TEST_HOST)";
				INFOPLIST_FILE = QRCodeTestTests/Info.plist;
				LD_RUNPATH_SEARCH_PATHS = "$(inherited) @executable_path/Frameworks @loader_path/Frameworks";
				PRODUCT_BUNDLE_IDENTIFIER = com.zhz.winnie.QRCodeTestTests;
				PRODUCT_NAME = "$(TARGET_NAME)";
				TEST_HOST = "$(BUILT_PRODUCTS_DIR)/QRCodeTest.app/QRCodeTest";
			};
			name = Release;
		};
		CD5A2F8D1D77D6ED000239B8 /* Debug */ = {
			isa = XCBuildConfiguration;
			buildSettings = {
				INFOPLIST_FILE = QRCodeTestUITests/Info.plist;
				LD_RUNPATH_SEARCH_PATHS = "$(inherited) @executable_path/Frameworks @loader_path/Frameworks";
				PRODUCT_BUNDLE_IDENTIFIER = com.zhz.winnie.QRCodeTestUITests;
				PRODUCT_NAME = "$(TARGET_NAME)";
				TEST_TARGET_NAME = QRCodeTest;
			};
			name = Debug;
		};
		CD5A2F8E1D77D6ED000239B8 /* Release */ = {
			isa = XCBuildConfiguration;
			buildSettings = {
				INFOPLIST_FILE = QRCodeTestUITests/Info.plist;
				LD_RUNPATH_SEARCH_PATHS = "$(inherited) @executable_path/Frameworks @loader_path/Frameworks";
				PRODUCT_BUNDLE_IDENTIFIER = com.zhz.winnie.QRCodeTestUITests;
				PRODUCT_NAME = "$(TARGET_NAME)";
				TEST_TARGET_NAME = QRCodeTest;
			};
			name = Release;
		};
/* End XCBuildConfiguration section */

/* Begin XCConfigurationList section */
		CD5A2F541D77D6EC000239B8 /* Build configuration list for PBXProject "QRCodeTest" */ = {
			isa = XCConfigurationList;
			buildConfigurations = (
				CD5A2F841D77D6ED000239B8 /* Debug */,
				CD5A2F851D77D6ED000239B8 /* Release */,
			);
			defaultConfigurationIsVisible = 0;
			defaultConfigurationName = Release;
		};
		CD5A2F861D77D6ED000239B8 /* Build configuration list for PBXNativeTarget "QRCodeTest" */ = {
			isa = XCConfigurationList;
			buildConfigurations = (
				CD5A2F871D77D6ED000239B8 /* Debug */,
				CD5A2F881D77D6ED000239B8 /* Release */,
			);
			defaultConfigurationIsVisible = 0;
			defaultConfigurationName = Release;
		};
		CD5A2F891D77D6ED000239B8 /* Build configuration list for PBXNativeTarget "QRCodeTestTests" */ = {
			isa = XCConfigurationList;
			buildConfigurations = (
				CD5A2F8A1D77D6ED000239B8 /* Debug */,
				CD5A2F8B1D77D6ED000239B8 /* Release */,
			);
			defaultConfigurationIsVisible = 0;
			defaultConfigurationName = Release;
		};
		CD5A2F8C1D77D6ED000239B8 /* Build configuration list for PBXNativeTarget "QRCodeTestUITests" */ = {
			isa = XCConfigurationList;
			buildConfigurations = (
				CD5A2F8D1D77D6ED000239B8 /* Debug */,
				CD5A2F8E1D77D6ED000239B8 /* Release */,
			);
			defaultConfigurationIsVisible = 0;
			defaultConfigurationName = Release;
		};
/* End XCConfigurationList section */
	};
	rootObject = CD5A2F511D77D6EC000239B8 /* Project object */;
}
